
Microsoft Visual Studio Solution File, Format Version 12.00
# Visual Studio Version 16
VisualStudioVersion = 16.0.29519.87
MinimumVisualStudioVersion = 10.0.40219.1
Project("{FAE04EC0-301F-11D3-BF4B-00C04F79EFBC}") = "CSBI_test", "CSBI_test\CSBI_test.csproj", "{1E0E1C1D-9FD3-4617-BFA2-CB939AFD23FB}"
EndProject
Global
	GlobalSection(SolutionConfigurationPlatforms) = preSolution
		Debug|Any CPU = Debug|Any CPU
		Release|Any CPU = Release|Any CPU
	EndGlobalSection
	GlobalSection(ProjectConfigurationPlatforms) = postSolution
		{1E0E1C1D-9FD3-4617-BFA2-CB939AFD23FB}.Debug|Any CPU.ActiveCfg = Debug|Any CPU
		{1E0E1C1D-9FD3-4617-BFA2-CB939AFD23FB}.Debug|Any CPU.Build.0 = Debug|Any CPU
		{1E0E1C1D-9FD3-4617-BFA2-CB939AFD23FB}.Release|Any CPU.ActiveCfg = Release|Any CPU
		{1E0E1C1D-9FD3-4617-BFA2-CB939AFD23FB}.Release|Any CPU.Build.0 = Release|Any CPU
	EndGlobalSection
	GlobalSection(SolutionProperties) = preSolution
		HideSolutionNode = FALSE
	EndGlobalSection
	GlobalSection(ExtensibilityGlobals) = postSolution
		SolutionGuid = {967F044A-BBCD-4DA4-B2C0-3FDDE6628CA5}
	EndGlobalSection
EndGlobal
